
Microsoft Visual Studio Solution File, Format Version 11.00
# Visual Studio 2010
Project("{8BC9CEB8-8B4A-11D0-8D11-00A0C91BC942}") = "Camera Demo", "Camera Demo\Camera Demo.vcxproj", "{8F595374-0003-45D1-98CB-1017650E8EB6}"
EndProject
Global
	GlobalSection(SolutionConfigurationPlatforms) = preSolution
		Debug|Win32 = Debug|Win32
		Release|Win32 = Release|Win32
	EndGlobalSection
	GlobalSection(ProjectConfigurationPlatforms) = postSolution
		{8F595374-0003-45D1-98CB-1017650E8EB6}.Debug|Win32.ActiveCfg = Debug|Win32
		{8F595374-0003-45D1-98CB-1017650E8EB6}.Debug|Win32.Build.0 = Debug|Win32
		{8F595374-0003-45D1-98CB-1017650E8EB6}.Release|Win32.ActiveCfg = Release|Win32
		{8F595374-0003-45D1-98CB-1017650E8EB6}.Release|Win32.Build.0 = Release|Win32
	EndGlobalSection
	GlobalSection(SolutionProperties) = preSolution
		HideSolutionNode = FALSE
	EndGlobalSection
EndGlobal
