
Microsoft Visual Studio Solution File, Format Version 11.00
# Visual Studio 2010
Project("{8BC9CEB8-8B4A-11D0-8D11-00A0C91BC942}") = "Spherical Mapping Demo", "Spherical Mapping Demo\Spherical Mapping Demo.vcxproj", "{07BD67D2-3601-4E4E-92EF-D75592F67085}"
EndProject
Global
	GlobalSection(SolutionConfigurationPlatforms) = preSolution
		Debug|Win32 = Debug|Win32
		Release|Win32 = Release|Win32
	EndGlobalSection
	GlobalSection(ProjectConfigurationPlatforms) = postSolution
		{07BD67D2-3601-4E4E-92EF-D75592F67085}.Debug|Win32.ActiveCfg = Debug|Win32
		{07BD67D2-3601-4E4E-92EF-D75592F67085}.Debug|Win32.Build.0 = Debug|Win32
		{07BD67D2-3601-4E4E-92EF-D75592F67085}.Release|Win32.ActiveCfg = Release|Win32
		{07BD67D2-3601-4E4E-92EF-D75592F67085}.Release|Win32.Build.0 = Release|Win32
	EndGlobalSection
	GlobalSection(SolutionProperties) = preSolution
		HideSolutionNode = FALSE
	EndGlobalSection
EndGlobal
