
Microsoft Visual Studio Solution File, Format Version 11.00
# Visual Studio 2010
Project("{8BC9CEB8-8B4A-11D0-8D11-00A0C91BC942}") = "DemoApplicationFramework", "DemoApplicationFramework\DemoApplicationFramework.vcxproj", "{094BCF6F-419C-41A6-AE6F-4281A9AB9F1E}"
EndProject
Global
	GlobalSection(SolutionConfigurationPlatforms) = preSolution
		Debug|Win32 = Debug|Win32
		Release|Win32 = Release|Win32
	EndGlobalSection
	GlobalSection(ProjectConfigurationPlatforms) = postSolution
		{094BCF6F-419C-41A6-AE6F-4281A9AB9F1E}.Debug|Win32.ActiveCfg = Debug|Win32
		{094BCF6F-419C-41A6-AE6F-4281A9AB9F1E}.Debug|Win32.Build.0 = Debug|Win32
		{094BCF6F-419C-41A6-AE6F-4281A9AB9F1E}.Release|Win32.ActiveCfg = Release|Win32
		{094BCF6F-419C-41A6-AE6F-4281A9AB9F1E}.Release|Win32.Build.0 = Release|Win32
	EndGlobalSection
	GlobalSection(SolutionProperties) = preSolution
		HideSolutionNode = FALSE
	EndGlobalSection
EndGlobal
