
Microsoft Visual Studio Solution File, Format Version 11.00
# Visual Studio 2010
Project("{8BC9CEB8-8B4A-11D0-8D11-00A0C91BC942}") = "RenderFrontToBackDemo", "RenderFrontToBackDemo\RenderFrontToBackDemo.vcxproj", "{9C74124C-4514-45AD-9B4B-D7F3A50902D4}"
EndProject
Global
	GlobalSection(SolutionConfigurationPlatforms) = preSolution
		Debug|Win32 = Debug|Win32
		Release|Win32 = Release|Win32
	EndGlobalSection
	GlobalSection(ProjectConfigurationPlatforms) = postSolution
		{9C74124C-4514-45AD-9B4B-D7F3A50902D4}.Debug|Win32.ActiveCfg = Debug|Win32
		{9C74124C-4514-45AD-9B4B-D7F3A50902D4}.Debug|Win32.Build.0 = Debug|Win32
		{9C74124C-4514-45AD-9B4B-D7F3A50902D4}.Release|Win32.ActiveCfg = Release|Win32
		{9C74124C-4514-45AD-9B4B-D7F3A50902D4}.Release|Win32.Build.0 = Release|Win32
	EndGlobalSection
	GlobalSection(SolutionProperties) = preSolution
		HideSolutionNode = FALSE
	EndGlobalSection
EndGlobal
