
Microsoft Visual Studio Solution File, Format Version 11.00
# Visual Studio 2010
Project("{8BC9CEB8-8B4A-11D0-8D11-00A0C91BC942}") = "Cylindrical Mapping Demo", "Cylindrical Mapping Demo\Cylindrical Mapping Demo.vcxproj", "{90CC2E7A-1676-4C6F-9B25-C8C9A32C5945}"
EndProject
Global
	GlobalSection(SolutionConfigurationPlatforms) = preSolution
		Debug|Win32 = Debug|Win32
		Release|Win32 = Release|Win32
	EndGlobalSection
	GlobalSection(ProjectConfigurationPlatforms) = postSolution
		{90CC2E7A-1676-4C6F-9B25-C8C9A32C5945}.Debug|Win32.ActiveCfg = Debug|Win32
		{90CC2E7A-1676-4C6F-9B25-C8C9A32C5945}.Debug|Win32.Build.0 = Debug|Win32
		{90CC2E7A-1676-4C6F-9B25-C8C9A32C5945}.Release|Win32.ActiveCfg = Release|Win32
		{90CC2E7A-1676-4C6F-9B25-C8C9A32C5945}.Release|Win32.Build.0 = Release|Win32
	EndGlobalSection
	GlobalSection(SolutionProperties) = preSolution
		HideSolutionNode = FALSE
	EndGlobalSection
EndGlobal
